
Microsoft Visual Studio Solution File, Format Version 12.00
# Visual Studio Version 16
VisualStudioVersion = 16.0.30011.22
MinimumVisualStudioVersion = 10.0.40219.1
Project("{FAE04EC0-301F-11D3-BF4B-00C04F79EFBC}") = "Степан", "Степан\Степан.csproj", "{90F5AEC6-EAE3-4C2B-9B54-5F094994DC99}"
EndProject
Global
	GlobalSection(SolutionConfigurationPlatforms) = preSolution
		Debug|Any CPU = Debug|Any CPU
		Release|Any CPU = Release|Any CPU
	EndGlobalSection
	GlobalSection(ProjectConfigurationPlatforms) = postSolution
		{90F5AEC6-EAE3-4C2B-9B54-5F094994DC99}.Debug|Any CPU.ActiveCfg = Debug|Any CPU
		{90F5AEC6-EAE3-4C2B-9B54-5F094994DC99}.Debug|Any CPU.Build.0 = Debug|Any CPU
		{90F5AEC6-EAE3-4C2B-9B54-5F094994DC99}.Release|Any CPU.ActiveCfg = Release|Any CPU
		{90F5AEC6-EAE3-4C2B-9B54-5F094994DC99}.Release|Any CPU.Build.0 = Release|Any CPU
	EndGlobalSection
	GlobalSection(SolutionProperties) = preSolution
		HideSolutionNode = FALSE
	EndGlobalSection
	GlobalSection(ExtensibilityGlobals) = postSolution
		SolutionGuid = {F50C50D7-9DC1-4338-BED8-94D104FDDBAD}
	EndGlobalSection
EndGlobal
